lockfileVersion: 5.4

specifiers:
  '@types/node': ^18.0.0
  '@types/react': ^18.0.14
  next: canary
  react: ^18.2.0
  react-dom: ^18.2.0
  typescript: ^4.7.4

dependencies:
  next: 12.3.1-canary.1_biqbaboplfbrettd7655fr4n2y
  react: 18.2.0
  react-dom: 18.2.0_react@18.2.0

devDependencies:
  '@types/node': 18.7.17
  '@types/react': 18.0.19
  typescript: 4.8.3

packages:

  /@next/env/12.3.1-canary.1:
    resolution: {integrity: sha512-+oqozfPJ+qKN9nvfzgrohD20UnY0md+A7520Y8VgjD5bskwN+NLtJaPVCoWp7vnqnzg9cXaugYKaEidUyQaBAQ==}
    dev: false

  /@next/swc-android-arm-eabi/12.3.1-canary.1:
    resolution: {integrity: sha512-XBZkNtqdS4sxRd3FCVnnAoqe8tRCX6BvdL+dsQv9kg/fPJK7UJ0Qe+1tvZf8yFS8op9JwwmxCtxyCpVq78grjQ==}
    engines: {node: '>= 10'}
    cpu: [arm]
    os: [android]
    requiresBuild: true
    dev: false
    optional: true

  /@next/swc-android-arm64/12.3.1-canary.1:
    resolution: {integrity: sha512-ts0WanFopHd5RnqJ3c1cGO2A0Vpv74npKRxHuCj4bZt4yr3k1Q+Z45YDa6tiHXyHgmTeJvBBS2OEaJIP5LfIKg==}
    engines: {node: '>= 10'}
    cpu: [arm64]
    os: [android]
    requiresBuild: true
    dev: false
    optional: true

  /@next/swc-darwin-arm64/12.3.1-canary.1:
    resolution: {integrity: sha512-FniLmXUwyX93pYEsZf8zs8vM5buCdhtKGD+sA7M6HNVmiVOotsgS5FaGcH0ND7RUQ/yDWrRCeksH1YrQ/NSzsA==}
    engines: {node: '>= 10'}
    cpu: [arm64]
    os: [darwin]
    requiresBuild: true
    dev: false
    optional: true

  /@next/swc-darwin-x64/12.3.1-canary.1:
    resolution: {integrity: sha512-ckKtvmPdMSrom2fzx4du0KCCUzInK/PH8P7c4aVNxqXAwP5TKuqfQ7hamujaVjVFgWziP72fZIQ+sfKrQNVb6A==}
    engines: {node: '>= 10'}
    cpu: [x64]
    os: [darwin]
    requiresBuild: true
    dev: false
    optional: true

  /@next/swc-freebsd-x64/12.3.1-canary.1:
    resolution: {integrity: sha512-pIPk//iaZmm7UDER3w96UNMas4Xpz27VHtVxc8zZd1Kz1QetcG6OgzOdfrCLjneCbFYp3qG1aIAyRu9DtLIALA==}
    engines: {node: '>= 10'}
    cpu: [x64]
    os: [freebsd]
    requiresBuild: true
    dev: false
    optional: true

  /@next/swc-linux-arm-gnueabihf/12.3.1-canary.1:
    resolution: {integrity: sha512-KJIdkYzIO0v3nOX34RC7vmIrgsVlfz+3EvwwWqtR82zWT7gm4o6xaDCrzwBA5cWuegnIyYZmIWC5IoFSfUOy6w==}
    engines: {node: '>= 10'}
    cpu: [arm]
    os: [linux]
    requiresBuild: true
    dev: false
    optional: true

  /@next/swc-linux-arm64-gnu/12.3.1-canary.1:
    resolution: {integrity: sha512-itZK0XG4kt9s7EihI+AYwQlyj9xFKqgza+t1Ax5WiWrvrVG4dxK0VYM8FWOU7G7WrDmJ2J33lASThRI8daaDag==}
    engines: {node: '>= 10'}
    cpu: [arm64]
    os: [linux]
    requiresBuild: true
    dev: false
    optional: true

  /@next/swc-linux-arm64-musl/12.3.1-canary.1:
    resolution: {integrity: sha512-NmY6aGBrAp++k1SpAcW+NItH04E4K7NIdylgMnmx23B/FlBrzzuOLOdFMYNYco0/gUI1p4pd7XJMWOR5hSJnhw==}
    engines: {node: '>= 10'}
    cpu: [arm64]
    os: [linux]
    requiresBuild: true
    dev: false
    optional: true

  /@next/swc-linux-x64-gnu/12.3.1-canary.1:
    resolution: {integrity: sha512-nfBbCyfu1UjD5PGcZgXi36R151Wxbrl6skgyN31bvCKDpcwDkyTzbMzCiyLjbK65SLnRMxOWY6sFHD3C5S9oig==}
    engines: {node: '>= 10'}
    cpu: [x64]
    os: [linux]
    requiresBuild: true
    dev: false
    optional: true

  /@next/swc-linux-x64-musl/12.3.1-canary.1:
    resolution: {integrity: sha512-L5gIL4+Ou/TKD2Pc38GOXDaTJg2tVYA7d4l1LzcwBKTNY6fRviXIzYCky+SgzzaXNXMiQJD+qqeW4qOJc/G6Wg==}
    engines: {node: '>= 10'}
    cpu: [x64]
    os: [linux]
    requiresBuild: true
    dev: false
    optional: true

  /@next/swc-win32-arm64-msvc/12.3.1-canary.1:
    resolution: {integrity: sha512-i8RO7Bew/uwEc2ztz1CRp94in57DircZ0WrcbOaVceS6IfmjGpsxCZUIRFhuELLGUnWYvfh39QhBADxP9l1Luw==}
    engines: {node: '>= 10'}
    cpu: [arm64]
    os: [win32]
    requiresBuild: true
    dev: false
    optional: true

  /@next/swc-win32-ia32-msvc/12.3.1-canary.1:
    resolution: {integrity: sha512-OIPEd2M9zRv0CyMhbhmBp+EYEoCrjroFiDX4hymdms0Rj0zuY832FAAFqjfGp9aKU6FrBicUHbQQ3J0rIhsgOA==}
    engines: {node: '>= 10'}
    cpu: [ia32]
    os: [win32]
    requiresBuild: true
    dev: false
    optional: true

  /@next/swc-win32-x64-msvc/12.3.1-canary.1:
    resolution: {integrity: sha512-1FXT8malMrSWI2Z+oHeF/aY+xVMUZzlSvhGokwWuvKpA6HwB+BOgM089CARfCkgKnJyRQexOnO56x/TSZ4m7bw==}
    engines: {node: '>= 10'}
    cpu: [x64]
    os: [win32]
    requiresBuild: true
    dev: false
    optional: true

  /@swc/helpers/0.4.11:
    resolution: {integrity: sha512-rEUrBSGIoSFuYxwBYtlUFMlE2CwGhmW+w9355/5oduSw8e5h2+Tj4UrAGNNgP9915++wj5vkQo0UuOBqOAq4nw==}
    dependencies:
      tslib: 2.4.0
    dev: false

  /@types/node/18.7.17:
    resolution: {integrity: sha512-0UyfUnt02zIuqp7yC8RYtDkp/vo8bFaQ13KkSEvUAohPOAlnVNbj5Fi3fgPSuwzakS+EvvnnZ4x9y7i6ASaSPQ==}
    dev: true

  /@types/prop-types/15.7.5:
    resolution: {integrity: sha512-JCB8C6SnDoQf0cNycqd/35A7MjcnK+ZTqE7judS6o7utxUCg6imJg3QK2qzHKszlTjcj2cn+NwMB2i96ubpj7w==}
    dev: true

  /@types/react/18.0.19:
    resolution: {integrity: sha512-BDc3Q+4Q3zsn7k9xZrKfjWyJsSlEDMs38gD1qp2eDazLCdcPqAT+vq1ND+Z8AGel/UiwzNUk8ptpywgNQcJ1MQ==}
    dependencies:
      '@types/prop-types': 15.7.5
      '@types/scheduler': 0.16.2
      csstype: 3.1.0
    dev: true

  /@types/scheduler/0.16.2:
    resolution: {integrity: sha512-hppQEBDmlwhFAXKJX2KnWLYu5yMfi91yazPb2l+lbJiwW+wdo1gNeRA+3RgNSO39WYX2euey41KEwnqesU2Jew==}
    dev: true

  /caniuse-lite/1.0.30001397:
    resolution: {integrity: sha512-SW9N2TbCdLf0eiNDRrrQXx2sOkaakNZbCjgNpPyMJJbiOrU5QzMIrXOVMRM1myBXTD5iTkdrtU/EguCrBocHlA==}
    dev: false

  /csstype/3.1.0:
    resolution: {integrity: sha512-uX1KG+x9h5hIJsaKR9xHUeUraxf8IODOwq9JLNPq6BwB04a/xgpq3rcx47l5BZu5zBPlgD342tdke3Hom/nJRA==}
    dev: true

  /js-tokens/4.0.0:
    resolution: {integrity: sha512-RdJUflcE3cUzKiMqQgsCu06FPu9UdIJO0beYbPhHN4k6apgJtifcoCtT9bcxOpYBtpD2kCM6Sbzg4CausW/PKQ==}
    dev: false

  /loose-envify/1.4.0:
    resolution: {integrity: sha512-lyuxPGr/Wfhrlem2CL/UcnUc1zcqKAImBDzukY7Y5F/yQiNdko6+fRLevlw1HgMySw7f611UIY408EtxRSoK3Q==}
    hasBin: true
    dependencies:
      js-tokens: 4.0.0
    dev: false

  /nanoid/3.3.4:
    resolution: {integrity: sha512-MqBkQh/OHTS2egovRtLk45wEyNXwF+cokD+1YPf9u5VfJiRdAiRwB2froX5Co9Rh20xs4siNPm8naNotSD6RBw==}
    engines: {node: ^10 || ^12 || ^13.7 || ^14 || >=15.0.1}
    hasBin: true
    dev: false

  /next/12.3.1-canary.1_biqbaboplfbrettd7655fr4n2y:
    resolution: {integrity: sha512-aCUNJTK1O9DFbA50v0oadkANJqzIpj5z2OEiFIC28M07V6uv876qcCZFihQ9DYcb4dgD6h4Jyxoc4/1Hx2boNw==}
    engines: {node: '>=12.22.0'}
    hasBin: true
    peerDependencies:
      fibers: '>= 3.1.0'
      node-sass: ^6.0.0 || ^7.0.0
      react: ^17.0.2 || ^18.0.0-0
      react-dom: ^17.0.2 || ^18.0.0-0
      sass: ^1.3.0
    peerDependenciesMeta:
      fibers:
        optional: true
      node-sass:
        optional: true
      sass:
        optional: true
    dependencies:
      '@next/env': 12.3.1-canary.1
      '@swc/helpers': 0.4.11
      caniuse-lite: 1.0.30001397
      postcss: 8.4.14
      react: 18.2.0
      react-dom: 18.2.0_react@18.2.0
      styled-jsx: 5.0.7_react@18.2.0
      use-sync-external-store: 1.2.0_react@18.2.0
    optionalDependencies:
      '@next/swc-android-arm-eabi': 12.3.1-canary.1
      '@next/swc-android-arm64': 12.3.1-canary.1
      '@next/swc-darwin-arm64': 12.3.1-canary.1
      '@next/swc-darwin-x64': 12.3.1-canary.1
      '@next/swc-freebsd-x64': 12.3.1-canary.1
      '@next/swc-linux-arm-gnueabihf': 12.3.1-canary.1
      '@next/swc-linux-arm64-gnu': 12.3.1-canary.1
      '@next/swc-linux-arm64-musl': 12.3.1-canary.1
      '@next/swc-linux-x64-gnu': 12.3.1-canary.1
      '@next/swc-linux-x64-musl': 12.3.1-canary.1
      '@next/swc-win32-arm64-msvc': 12.3.1-canary.1
      '@next/swc-win32-ia32-msvc': 12.3.1-canary.1
      '@next/swc-win32-x64-msvc': 12.3.1-canary.1
    transitivePeerDependencies:
      - '@babel/core'
      - babel-plugin-macros
    dev: false

  /picocolors/1.0.0:
    resolution: {integrity: sha512-1fygroTLlHu66zi26VoTDv8yRgm0Fccecssto+MhsZ0D/DGW2sm8E8AjW7NU5VVTRt5GxbeZ5qBuJr+HyLYkjQ==}
    dev: false

  /postcss/8.4.14:
    resolution: {integrity: sha512-E398TUmfAYFPBSdzgeieK2Y1+1cpdxJx8yXbK/m57nRhKSmk1GB2tO4lbLBtlkfPQTDKfe4Xqv1ASWPpayPEig==}
    engines: {node: ^10 || ^12 || >=14}
    dependencies:
      nanoid: 3.3.4
      picocolors: 1.0.0
      source-map-js: 1.0.2
    dev: false

  /react-dom/18.2.0_react@18.2.0:
    resolution: {integrity: sha512-6IMTriUmvsjHUjNtEDudZfuDQUoWXVxKHhlEGSk81n4YFS+r/Kl99wXiwlVXtPBtJenozv2P+hxDsw9eA7Xo6g==}
    peerDependencies:
      react: ^18.2.0
    dependencies:
      loose-envify: 1.4.0
      react: 18.2.0
      scheduler: 0.23.0
    dev: false

  /react/18.2.0:
    resolution: {integrity: sha512-/3IjMdb2L9QbBdWiW5e3P2/npwMBaU9mHCSCUzNln0ZCYbcfTsGbTJrU/kGemdH2IWmB2ioZ+zkxtmq6g09fGQ==}
    engines: {node: '>=0.10.0'}
    dependencies:
      loose-envify: 1.4.0
    dev: false

  /scheduler/0.23.0:
    resolution: {integrity: sha512-CtuThmgHNg7zIZWAXi3AsyIzA3n4xx7aNyjwC2VJldO2LMVDhFK+63xGqq6CsJH4rTAt6/M+N4GhZiDYPx9eUw==}
    dependencies:
      loose-envify: 1.4.0
    dev: false

  /source-map-js/1.0.2:
    resolution: {integrity: sha512-R0XvVJ9WusLiqTCEiGCmICCMplcCkIwwR11mOSD9CR5u+IXYdiseeEuXCVAjS54zqwkLcPNnmU4OeJ6tUrWhDw==}
    engines: {node: '>=0.10.0'}
    dev: false

  /styled-jsx/5.0.7_react@18.2.0:
    resolution: {integrity: sha512-b3sUzamS086YLRuvnaDigdAewz1/EFYlHpYBP5mZovKEdQQOIIYq8lApylub3HHZ6xFjV051kkGU7cudJmrXEA==}
    engines: {node: '>= 12.0.0'}
    peerDependencies:
      '@babel/core': '*'
      babel-plugin-macros: '*'
      react: '>= 16.8.0 || 17.x.x || ^18.0.0-0'
    peerDependenciesMeta:
      '@babel/core':
        optional: true
      babel-plugin-macros:
        optional: true
    dependencies:
      react: 18.2.0
    dev: false

  /tslib/2.4.0:
    resolution: {integrity: sha512-d6xOpEDfsi2CZVlPQzGeux8XMwLT9hssAsaPYExaQMuYskwb+x1x7J371tWlbBdWHroy99KnVB6qIkUbs5X3UQ==}
    dev: false

  /typescript/4.8.3:
    resolution: {integrity: sha512-goMHfm00nWPa8UvR/CPSvykqf6dVV8x/dp0c5mFTMTIu0u0FlGWRioyy7Nn0PGAdHxpJZnuO/ut+PpQ8UiHAig==}
    engines: {node: '>=4.2.0'}
    hasBin: true
    dev: true

  /use-sync-external-store/1.2.0_react@18.2.0:
    resolution: {integrity: sha512-eEgnFxGQ1Ife9bzYs6VLi8/4X6CObHMw9Qr9tPY43iKwsPw8xE8+EFsf/2cFZ5S3esXgpWgtSCtLNS41F+sKPA==}
    peerDependencies:
      react: ^16.8.0 || ^17.0.0 || ^18.0.0
    dependencies:
      react: 18.2.0
    dev: false
